
Microsoft Visual Studio Solution File, Format Version 12.00
# Visual Studio 15
VisualStudioVersion = 15.0.26730.3
MinimumVisualStudioVersion = 10.0.40219.1
Project("{FAE04EC0-301F-11D3-BF4B-00C04F79EFBC}") = "Ej1", "Ej1\Ej1.csproj", "{99C8B57B-BEDD-4289-BBD2-429C0C87E304}"
EndProject
Project("{FAE04EC0-301F-11D3-BF4B-00C04F79EFBC}") = "Ej2", "Ej2\Ej2.csproj", "{D5006314-1826-4293-A7FD-5428875BBDE8}"
EndProject
Project("{FAE04EC0-301F-11D3-BF4B-00C04F79EFBC}") = "Ej3", "Ej3\Ej3.csproj", "{4B6A6503-DF3B-42BB-A880-FB4E5983FD1F}"
EndProject
Project("{FAE04EC0-301F-11D3-BF4B-00C04F79EFBC}") = "Ej2_Test", "Ej2_Test\Ej2_Test.csproj", "{BF436210-B7F0-4D39-B3F9-CDC2449B677C}"
EndProject
Project("{FAE04EC0-301F-11D3-BF4B-00C04F79EFBC}") = "Ej6", "Ej6\Ej6.csproj", "{53C7EC67-4867-4330-88BC-C0CA02548E8B}"
EndProject
Project("{FAE04EC0-301F-11D3-BF4B-00C04F79EFBC}") = "Ej6_Test", "Ej6_Test\Ej6_Test.csproj", "{B6077572-E520-4304-AD44-235B37CF9D63}"
EndProject
Project("{FAE04EC0-301F-11D3-BF4B-00C04F79EFBC}") = "Ej4", "Ej4\Ej4.csproj", "{B88843BB-AFD6-487B-BCCC-9A621CFDB044}"
EndProject
Project("{FAE04EC0-301F-11D3-BF4B-00C04F79EFBC}") = "Ej5", "Ej5\Ej5.csproj", "{9482E097-804B-41C6-ACE5-31046B807CDB}"
EndProject
Project("{FAE04EC0-301F-11D3-BF4B-00C04F79EFBC}") = "Ej4_Test", "Ej4_Test\Ej4_Test.csproj", "{4C7E2F9E-506D-462C-99DC-4811A4A9A07B}"
EndProject
Project("{FAE04EC0-301F-11D3-BF4B-00C04F79EFBC}") = "Ej5_Test", "Ej5_Test\Ej5_Test.csproj", "{57EE13AE-8FF6-4E7F-AA2E-D63831092B73}"
EndProject
Global
	GlobalSection(SolutionConfigurationPlatforms) = preSolution
		Debug|Any CPU = Debug|Any CPU
		Release|Any CPU = Release|Any CPU
	EndGlobalSection
	GlobalSection(ProjectConfigurationPlatforms) = postSolution
		{99C8B57B-BEDD-4289-BBD2-429C0C87E304}.Debug|Any CPU.ActiveCfg = Debug|Any CPU
		{99C8B57B-BEDD-4289-BBD2-429C0C87E304}.Debug|Any CPU.Build.0 = Debug|Any CPU
		{99C8B57B-BEDD-4289-BBD2-429C0C87E304}.Release|Any CPU.ActiveCfg = Release|Any CPU
		{99C8B57B-BEDD-4289-BBD2-429C0C87E304}.Release|Any CPU.Build.0 = Release|Any CPU
		{D5006314-1826-4293-A7FD-5428875BBDE8}.Debug|Any CPU.ActiveCfg = Debug|Any CPU
		{D5006314-1826-4293-A7FD-5428875BBDE8}.Debug|Any CPU.Build.0 = Debug|Any CPU
		{D5006314-1826-4293-A7FD-5428875BBDE8}.Release|Any CPU.ActiveCfg = Release|Any CPU
		{D5006314-1826-4293-A7FD-5428875BBDE8}.Release|Any CPU.Build.0 = Release|Any CPU
		{4B6A6503-DF3B-42BB-A880-FB4E5983FD1F}.Debug|Any CPU.ActiveCfg = Debug|Any CPU
		{4B6A6503-DF3B-42BB-A880-FB4E5983FD1F}.Debug|Any CPU.Build.0 = Debug|Any CPU
		{4B6A6503-DF3B-42BB-A880-FB4E5983FD1F}.Release|Any CPU.ActiveCfg = Release|Any CPU
		{4B6A6503-DF3B-42BB-A880-FB4E5983FD1F}.Release|Any CPU.Build.0 = Release|Any CPU
		{BF436210-B7F0-4D39-B3F9-CDC2449B677C}.Debug|Any CPU.ActiveCfg = Debug|Any CPU
		{BF436210-B7F0-4D39-B3F9-CDC2449B677C}.Debug|Any CPU.Build.0 = Debug|Any CPU
		{BF436210-B7F0-4D39-B3F9-CDC2449B677C}.Release|Any CPU.ActiveCfg = Release|Any CPU
		{BF436210-B7F0-4D39-B3F9-CDC2449B677C}.Release|Any CPU.Build.0 = Release|Any CPU
		{53C7EC67-4867-4330-88BC-C0CA02548E8B}.Debug|Any CPU.ActiveCfg = Debug|Any CPU
		{53C7EC67-4867-4330-88BC-C0CA02548E8B}.Debug|Any CPU.Build.0 = Debug|Any CPU
		{53C7EC67-4867-4330-88BC-C0CA02548E8B}.Release|Any CPU.ActiveCfg = Release|Any CPU
		{53C7EC67-4867-4330-88BC-C0CA02548E8B}.Release|Any CPU.Build.0 = Release|Any CPU
		{B6077572-E520-4304-AD44-235B37CF9D63}.Debug|Any CPU.ActiveCfg = Debug|Any CPU
		{B6077572-E520-4304-AD44-235B37CF9D63}.Debug|Any CPU.Build.0 = Debug|Any CPU
		{B6077572-E520-4304-AD44-235B37CF9D63}.Release|Any CPU.ActiveCfg = Release|Any CPU
		{B6077572-E520-4304-AD44-235B37CF9D63}.Release|Any CPU.Build.0 = Release|Any CPU
		{B88843BB-AFD6-487B-BCCC-9A621CFDB044}.Debug|Any CPU.ActiveCfg = Debug|Any CPU
		{B88843BB-AFD6-487B-BCCC-9A621CFDB044}.Debug|Any CPU.Build.0 = Debug|Any CPU
		{B88843BB-AFD6-487B-BCCC-9A621CFDB044}.Release|Any CPU.ActiveCfg = Release|Any CPU
		{B88843BB-AFD6-487B-BCCC-9A621CFDB044}.Release|Any CPU.Build.0 = Release|Any CPU
		{9482E097-804B-41C6-ACE5-31046B807CDB}.Debug|Any CPU.ActiveCfg = Debug|Any CPU
		{9482E097-804B-41C6-ACE5-31046B807CDB}.Debug|Any CPU.Build.0 = Debug|Any CPU
		{9482E097-804B-41C6-ACE5-31046B807CDB}.Release|Any CPU.ActiveCfg = Release|Any CPU
		{9482E097-804B-41C6-ACE5-31046B807CDB}.Release|Any CPU.Build.0 = Release|Any CPU
		{4C7E2F9E-506D-462C-99DC-4811A4A9A07B}.Debug|Any CPU.ActiveCfg = Debug|Any CPU
		{4C7E2F9E-506D-462C-99DC-4811A4A9A07B}.Debug|Any CPU.Build.0 = Debug|Any CPU
		{4C7E2F9E-506D-462C-99DC-4811A4A9A07B}.Release|Any CPU.ActiveCfg = Release|Any CPU
		{4C7E2F9E-506D-462C-99DC-4811A4A9A07B}.Release|Any CPU.Build.0 = Release|Any CPU
		{57EE13AE-8FF6-4E7F-AA2E-D63831092B73}.Debug|Any CPU.ActiveCfg = Debug|Any CPU
		{57EE13AE-8FF6-4E7F-AA2E-D63831092B73}.Debug|Any CPU.Build.0 = Debug|Any CPU
		{57EE13AE-8FF6-4E7F-AA2E-D63831092B73}.Release|Any CPU.ActiveCfg = Release|Any CPU
		{57EE13AE-8FF6-4E7F-AA2E-D63831092B73}.Release|Any CPU.Build.0 = Release|Any CPU
	EndGlobalSection
	GlobalSection(SolutionProperties) = preSolution
		HideSolutionNode = FALSE
	EndGlobalSection
	GlobalSection(ExtensibilityGlobals) = postSolution
		SolutionGuid = {0E9FF277-B0DE-4B08-95F4-892733E274EB}
	EndGlobalSection
EndGlobal
